
Microsoft Visual Studio Solution File, Format Version 12.00
# Visual Studio 15
VisualStudioVersion = 15.0.28307.572
MinimumVisualStudioVersion = 10.0.40219.1
Project("{FAE04EC0-301F-11D3-BF4B-00C04F79EFBC}") = "Observable_Imp_Login_Exmaple", "Observable_Imp_Login_Exmaple\Observable_Imp_Login_Exmaple.csproj", "{0DF213AA-2E86-41F7-BE45-77646BE8CD86}"
EndProject
Global
	GlobalSection(SolutionConfigurationPlatforms) = preSolution
		Debug|Any CPU = Debug|Any CPU
		Release|Any CPU = Release|Any CPU
	EndGlobalSection
	GlobalSection(ProjectConfigurationPlatforms) = postSolution
		{0DF213AA-2E86-41F7-BE45-77646BE8CD86}.Debug|Any CPU.ActiveCfg = Debug|Any CPU
		{0DF213AA-2E86-41F7-BE45-77646BE8CD86}.Debug|Any CPU.Build.0 = Debug|Any CPU
		{0DF213AA-2E86-41F7-BE45-77646BE8CD86}.Release|Any CPU.ActiveCfg = Release|Any CPU
		{0DF213AA-2E86-41F7-BE45-77646BE8CD86}.Release|Any CPU.Build.0 = Release|Any CPU
	EndGlobalSection
	GlobalSection(SolutionProperties) = preSolution
		HideSolutionNode = FALSE
	EndGlobalSection
	GlobalSection(ExtensibilityGlobals) = postSolution
		SolutionGuid = {CAE3B381-2082-4EF4-BA6C-347C06E0D8AF}
	EndGlobalSection
EndGlobal
